
Microsoft Visual Studio Solution File, Format Version 12.00
# Visual Studio Version 16
VisualStudioVersion = 16.0.29306.81
MinimumVisualStudioVersion = 10.0.40219.1
Project("{FAE04EC0-301F-11D3-BF4B-00C04F79EFBC}") = "Installer", "Installer\Installer.csproj", "{A9D33A34-6581-40C1-B1C2-2F80D2054A68}"
EndProject
Project("{FAE04EC0-301F-11D3-BF4B-00C04F79EFBC}") = "HolzTools", "HolzToolsWPF\HolzTools.csproj", "{5449C742-A056-43D9-9E48-63A302A8AFDB}"
EndProject
Global
	GlobalSection(SolutionConfigurationPlatforms) = preSolution
		Debug|Any CPU = Debug|Any CPU
		Release|Any CPU = Release|Any CPU
	EndGlobalSection
	GlobalSection(ProjectConfigurationPlatforms) = postSolution
		{A9D33A34-6581-40C1-B1C2-2F80D2054A68}.Debug|Any CPU.ActiveCfg = Debug|Any CPU
		{A9D33A34-6581-40C1-B1C2-2F80D2054A68}.Debug|Any CPU.Build.0 = Debug|Any CPU
		{A9D33A34-6581-40C1-B1C2-2F80D2054A68}.Release|Any CPU.ActiveCfg = Release|Any CPU
		{A9D33A34-6581-40C1-B1C2-2F80D2054A68}.Release|Any CPU.Build.0 = Release|Any CPU
		{5449C742-A056-43D9-9E48-63A302A8AFDB}.Debug|Any CPU.ActiveCfg = Debug|Any CPU
		{5449C742-A056-43D9-9E48-63A302A8AFDB}.Debug|Any CPU.Build.0 = Debug|Any CPU
		{5449C742-A056-43D9-9E48-63A302A8AFDB}.Release|Any CPU.ActiveCfg = Release|Any CPU
		{5449C742-A056-43D9-9E48-63A302A8AFDB}.Release|Any CPU.Build.0 = Release|Any CPU
	EndGlobalSection
	GlobalSection(SolutionProperties) = preSolution
		HideSolutionNode = FALSE
	EndGlobalSection
	GlobalSection(ExtensibilityGlobals) = postSolution
		SolutionGuid = {94C327EC-79E7-4C4F-AD78-DC9BF66F1BD7}
	EndGlobalSection
EndGlobal
